
Microsoft Visual Studio Solution File, Format Version 12.00
Project("{FAE04EC0-301F-11D3-BF4B-00C04F79EFBC}") = "dictionaries", "dictionaries\dictionaries.csproj", "{DE57B637-31AF-4668-BEE9-B8E679E2363E}"
EndProject
Global
	GlobalSection(SolutionConfigurationPlatforms) = preSolution
		Debug|Any CPU = Debug|Any CPU
		Release|Any CPU = Release|Any CPU
	EndGlobalSection
	GlobalSection(ProjectConfigurationPlatforms) = postSolution
		{DE57B637-31AF-4668-BEE9-B8E679E2363E}.Debug|Any CPU.ActiveCfg = Debug|Any CPU
		{DE57B637-31AF-4668-BEE9-B8E679E2363E}.Debug|Any CPU.Build.0 = Debug|Any CPU
		{DE57B637-31AF-4668-BEE9-B8E679E2363E}.Release|Any CPU.ActiveCfg = Release|Any CPU
		{DE57B637-31AF-4668-BEE9-B8E679E2363E}.Release|Any CPU.Build.0 = Release|Any CPU
	EndGlobalSection
EndGlobal
