
Microsoft Visual Studio Solution File, Format Version 12.00
# Visual Studio Version 17
VisualStudioVersion = 17.14.36414.22 d17.14
MinimumVisualStudioVersion = 10.0.40219.1
Project("{FAE04EC0-301F-11D3-BF4B-00C04F79EFBC}") = "firstproject", "firstproject.csproj", "{D9491A2E-75EA-4915-B491-1F22493572D1}"
EndProject
Global
	GlobalSection(SolutionConfigurationPlatforms) = preSolution
		Debug|Any CPU = Debug|Any CPU
		Release|Any CPU = Release|Any CPU
	EndGlobalSection
	GlobalSection(ProjectConfigurationPlatforms) = postSolution
		{D9491A2E-75EA-4915-B491-1F22493572D1}.Debug|Any CPU.ActiveCfg = Debug|Any CPU
		{D9491A2E-75EA-4915-B491-1F22493572D1}.Debug|Any CPU.Build.0 = Debug|Any CPU
		{D9491A2E-75EA-4915-B491-1F22493572D1}.Release|Any CPU.ActiveCfg = Release|Any CPU
		{D9491A2E-75EA-4915-B491-1F22493572D1}.Release|Any CPU.Build.0 = Release|Any CPU
	EndGlobalSection
	GlobalSection(SolutionProperties) = preSolution
		HideSolutionNode = FALSE
	EndGlobalSection
	GlobalSection(ExtensibilityGlobals) = postSolution
		SolutionGuid = {5EED0A95-6ACD-487F-A15F-844853104630}
	EndGlobalSection
EndGlobal
