
Microsoft Visual Studio Solution File, Format Version 12.00
# Visual Studio Version 17
VisualStudioVersion = 17.14.36414.22 d17.14
MinimumVisualStudioVersion = 10.0.40219.1
Project("{FAE04EC0-301F-11D3-BF4B-00C04F79EFBC}") = "st1", "st1.csproj", "{1312292C-E7AE-421C-AF9C-BAA41C658378}"
EndProject
Global
	GlobalSection(SolutionConfigurationPlatforms) = preSolution
		Debug|Any CPU = Debug|Any CPU
		Release|Any CPU = Release|Any CPU
	EndGlobalSection
	GlobalSection(ProjectConfigurationPlatforms) = postSolution
		{1312292C-E7AE-421C-AF9C-BAA41C658378}.Debug|Any CPU.ActiveCfg = Debug|Any CPU
		{1312292C-E7AE-421C-AF9C-BAA41C658378}.Debug|Any CPU.Build.0 = Debug|Any CPU
		{1312292C-E7AE-421C-AF9C-BAA41C658378}.Release|Any CPU.ActiveCfg = Release|Any CPU
		{1312292C-E7AE-421C-AF9C-BAA41C658378}.Release|Any CPU.Build.0 = Release|Any CPU
	EndGlobalSection
	GlobalSection(SolutionProperties) = preSolution
		HideSolutionNode = FALSE
	EndGlobalSection
	GlobalSection(ExtensibilityGlobals) = postSolution
		SolutionGuid = {539AF28C-5DFE-415C-8BFC-7DE54D3C3542}
	EndGlobalSection
EndGlobal
