
Microsoft Visual Studio Solution File, Format Version 12.00
Project("{FAE04EC0-301F-11D3-BF4B-00C04F79EFBC}") = "tekrar", "tekrar\tekrar.csproj", "{03C1E07B-E36A-4845-ADC6-B93C9A2ACF27}"
EndProject
Global
	GlobalSection(SolutionConfigurationPlatforms) = preSolution
		Debug|Any CPU = Debug|Any CPU
		Release|Any CPU = Release|Any CPU
	EndGlobalSection
	GlobalSection(ProjectConfigurationPlatforms) = postSolution
		{03C1E07B-E36A-4845-ADC6-B93C9A2ACF27}.Debug|Any CPU.ActiveCfg = Debug|Any CPU
		{03C1E07B-E36A-4845-ADC6-B93C9A2ACF27}.Debug|Any CPU.Build.0 = Debug|Any CPU
		{03C1E07B-E36A-4845-ADC6-B93C9A2ACF27}.Release|Any CPU.ActiveCfg = Release|Any CPU
		{03C1E07B-E36A-4845-ADC6-B93C9A2ACF27}.Release|Any CPU.Build.0 = Release|Any CPU
	EndGlobalSection
EndGlobal
